PODS:
  - AudioKit (4.5.2):
    - AudioKit/Core (= 4.5.2)
    - AudioKit/UI (= 4.5.2)
  - AudioKit/Core (4.5.2)
  - AudioKit/UI (4.5.2):
    - AudioKit/Core

DEPENDENCIES:
  - AudioKit

SPEC REPOS:
  https://github.com/cocoapods/specs.git:
    - AudioKit

SPEC CHECKSUMS:
  AudioKit: af6770360f1d8b2aed16ce2802dafe69f0e592d0

PODFILE CHECKSUM: 31e9dbce16b4b821f87c76aef38f60e95af94623

COCOAPODS: 1.5.2
